
Microsoft Visual Studio Solution File, Format Version 12.00
# Visual Studio Version 17
VisualStudioVersion = 17.7.34024.191
MinimumVisualStudioVersion = 10.0.40219.1
Project("{FAE04EC0-301F-11D3-BF4B-00C04F79EFBC}") = "HSM", "HSM\HSM.csproj", "{35BC263D-5E39-4EEB-8538-F2116B3AA129}"
EndProject
Global
	GlobalSection(SolutionConfigurationPlatforms) = preSolution
		Debug|Any CPU = Debug|Any CPU
		Release|Any CPU = Release|Any CPU
	EndGlobalSection
	GlobalSection(ProjectConfigurationPlatforms) = postSolution
		{35BC263D-5E39-4EEB-8538-F2116B3AA129}.Debug|Any CPU.ActiveCfg = Debug|Any CPU
		{35BC263D-5E39-4EEB-8538-F2116B3AA129}.Debug|Any CPU.Build.0 = Debug|Any CPU
		{35BC263D-5E39-4EEB-8538-F2116B3AA129}.Release|Any CPU.ActiveCfg = Release|Any CPU
		{35BC263D-5E39-4EEB-8538-F2116B3AA129}.Release|Any CPU.Build.0 = Release|Any CPU
	EndGlobalSection
	GlobalSection(SolutionProperties) = preSolution
		HideSolutionNode = FALSE
	EndGlobalSection
	GlobalSection(ExtensibilityGlobals) = postSolution
		SolutionGuid = {98989A82-A7C5-40B0-9350-7B3EF6B428F6}
	EndGlobalSection
EndGlobal
